// !$*UTF8*$!
{
	archiveVersion = 1;
	classes = {
	};
	objectVersion = 55;
	objects = {

/* Begin PBXBuildFile section */
		1FAB800E285692D1004365C7 /* MementoMoriApp.swift in Sources */ = {isa = PBXBuildFile; fileRef = 1FAB800D285692D1004365C7 /* MementoMoriApp.swift */; };
		1FAB8010285692D1004365C7 /* ContentView.swift in Sources */ = {isa = PBXBuildFile; fileRef = 1FAB800F285692D1004365C7 /* ContentView.swift */; };
		1FAB8012285692D4004365C7 /* Assets.xcassets in Resources */ = {isa = PBXBuildFile; fileRef = 1FAB8011285692D4004365C7 /* Assets.xcassets */; };
		1FAB8015285692D4004365C7 /* Preview Assets.xcassets in Resources */ = {isa = PBXBuildFile; fileRef = 1FAB8014285692D4004365C7 /* Preview Assets.xcassets */; };
		1FAB801F285692D5004365C7 /* MementoMoriTests.swift in Sources */ = {isa = PBXBuildFile; fileRef = 1FAB801E285692D5004365C7 /* MementoMoriTests.swift */; };
		1FAB8029285692D5004365C7 /* MementoMoriUITests.swift in Sources */ = {isa = PBXBuildFile; fileRef = 1FAB8028285692D5004365C7 /* MementoMoriUITests.swift */; };
		1FAB802B285692D5004365C7 /* MementoMoriUITestsLaunchTests.swift in Sources */ = {isa = PBXBuildFile; fileRef = 1FAB802A285692D5004365C7 /* MementoMoriUITestsLaunchTests.swift */; };
/* End PBXBuildFile section */

/* Begin PBXContainerItemProxy section */
		1FAB801B285692D5004365C7 /* PBXContainerItemProxy */ = {
			isa = PBXContainerItemProxy;
			containerPortal = 1FAB8002285692D1004365C7 /* Project object */;
			proxyType = 1;
			remoteGlobalIDString = 1FAB8009285692D1004365C7;
			remoteInfo = MementoMori;
		};
		1FAB8025285692D5004365C7 /* PBXContainerItemProxy */ = {
			isa = PBXContainerItemProxy;
			containerPortal = 1FAB8002285692D1004365C7 /* Project object */;
			proxyType = 1;
			remoteGlobalIDString = 1FAB8009285692D1004365C7;
			remoteInfo = MementoMori;
		};
/* End PBXContainerItemProxy section */

/* Begin PBXFileReference section */
		1FAB800A285692D1004365C7 /* MementoMori.app */ = {isa = PBXFileReference; explicitFileType = wrapper.application; includeInIndex = 0; path = MementoMori.app; sourceTree = BUILT_PRODUCTS_DIR; };
		1FAB800D285692D1004365C7 /* MementoMoriApp.swift */ = {isa = PBXFileReference; lastKnownFileType = sourcecode.swift; path = MementoMoriApp.swift; sourceTree = "<group>"; };
		1FAB800F285692D1004365C7 /* ContentView.swift */ = {isa = PBXFileReference; lastKnownFileType = sourcecode.swift; path = ContentView.swift; sourceTree = "<group>"; };
		1FAB8011285692D4004365C7 /* Assets.xcassets */ = {isa = PBXFileReference; lastKnownFileType = folder.assetcatalog; path = Assets.xcassets; sourceTree = "<group>"; };
		1FAB8014285692D4004365C7 /* Preview Assets.xcassets */ = {isa = PBXFileReference; lastKnownFileType = folder.assetcatalog; path = "Preview Assets.xcassets"; sourceTree = "<group>"; };
		1FAB801A285692D5004365C7 /* MementoMoriTests.xctest */ = {isa = PBXFileReference; explicitFileType = wrapper.cfbundle; includeInIndex = 0; path = MementoMoriTests.xctest; sourceTree = BUILT_PRODUCTS_DIR; };
		1FAB801E285692D5004365C7 /* MementoMoriTests.swift */ = {isa = PBXFileReference; lastKnownFileType = sourcecode.swift; path = MementoMoriTests.swift; sourceTree = "<group>"; };
		1FAB8024285692D5004365C7 /* MementoMoriUITests.xctest */ = {isa = PBXFileReference; explicitFileType = wrapper.cfbundle; includeInIndex = 0; path = MementoMoriUITests.xctest; sourceTree = BUILT_PRODUCTS_DIR; };
		1FAB8028285692D5004365C7 /* MementoMoriUITests.swift */ = {isa = PBXFileReference; lastKnownFileType = sourcecode.swift; path = MementoMoriUITests.swift; sourceTree = "<group>"; };
		1FAB802A285692D5004365C7 /* MementoMoriUITestsLaunchTests.swift */ = {isa = PBXFileReference; lastKnownFileType = sourcecode.swift; path = MementoMoriUITestsLaunchTests.swift; sourceTree = "<group>"; };
/* End PBXFileReference section */

/* Begin PBXFrameworksBuildPhase section */
		1FAB8007285692D1004365C7 /* Frameworks */ = {
			isa = PBXFrameworksBuildPhase;
			buildActionMask = 2147483647;
			files = (
			);
			runOnlyForDeploymentPostprocessing = 0;
		};
		1FAB8017285692D5004365C7 /* Frameworks */ = {
			isa = PBXFrameworksBuildPhase;
			buildActionMask = 2147483647;
			files = (
			);
			runOnlyForDeploymentPostprocessing = 0;
		};
		1FAB8021285692D5004365C7 /* Frameworks */ = {
			isa = PBXFrameworksBuildPhase;
			buildActionMask = 2147483647;
			files = (
			);
			runOnlyForDeploymentPostprocessing = 0;
		};
/* End PBXFrameworksBuildPhase section */

/* Begin PBXGroup section */
		1FAB8001285692D1004365C7 = {
			isa = PBXGroup;
			children = (
				1FAB800C285692D1004365C7 /* MementoMori */,
				1FAB801D285692D5004365C7 /* MementoMoriTests */,
				1FAB8027285692D5004365C7 /* MementoMoriUITests */,
				1FAB800B285692D1004365C7 /* Products */,
			);
			sourceTree = "<group>";
		};
		1FAB800B285692D1004365C7 /* Products */ = {
			isa = PBXGroup;
			children = (
				1FAB800A285692D1004365C7 /* MementoMori.app */,
				1FAB801A285692D5004365C7 /* MementoMoriTests.xctest */,
				1FAB8024285692D5004365C7 /* MementoMoriUITests.xctest */,
			);
			name = Products;
			sourceTree = "<group>";
		};
		1FAB800C285692D1004365C7 /* MementoMori */ = {
			isa = PBXGroup;
			children = (
				1FAB800D285692D1004365C7 /* MementoMoriApp.swift */,
				1FAB800F285692D1004365C7 /* ContentView.swift */,
				1FAB8011285692D4004365C7 /* Assets.xcassets */,
				1FAB8013285692D4004365C7 /* Preview Content */,
			);
			path = MementoMori;
			sourceTree = "<group>";
		};
		1FAB8013285692D4004365C7 /* Preview Content */ = {
			isa = PBXGroup;
			children = (
				1FAB8014285692D4004365C7 /* Preview Assets.xcassets */,
			);
			path = "Preview Content";
			sourceTree = "<group>";
		};
		1FAB801D285692D5004365C7 /* MementoMoriTests */ = {
			isa = PBXGroup;
			children = (
				1FAB801E285692D5004365C7 /* MementoMoriTests.swift */,
			);
			path = MementoMoriTests;
			sourceTree = "<group>";
		};
		1FAB8027285692D5004365C7 /* MementoMoriUITests */ = {
			isa = PBXGroup;
			children = (
				1FAB8028285692D5004365C7 /* MementoMoriUITests.swift */,
				1FAB802A285692D5004365C7 /* MementoMoriUITestsLaunchTests.swift */,
			);
			path = MementoMoriUITests;
			sourceTree = "<group>";
		};
/* End PBXGroup section */

/* Begin PBXNativeTarget section */
		1FAB8009285692D1004365C7 /* MementoMori */ = {
			isa = PBXNativeTarget;
			buildConfigurationList = 1FAB802E285692D5004365C7 /* Build configuration list for PBXNativeTarget "MementoMori" */;
			buildPhases = (
				1FAB8006285692D1004365C7 /* Sources */,
				1FAB8007285692D1004365C7 /* Frameworks */,
				1FAB8008285692D1004365C7 /* Resources */,
			);
			buildRules = (
			);
			dependencies = (
			);
			name = MementoMori;
			productName = MementoMori;
			productReference = 1FAB800A285692D1004365C7 /* MementoMori.app */;
			productType = "com.apple.product-type.application";
		};
		1FAB8019285692D5004365C7 /* MementoMoriTests */ = {
			isa = PBXNativeTarget;
			buildConfigurationList = 1FAB8031285692D5004365C7 /* Build configuration list for PBXNativeTarget "MementoMoriTests" */;
			buildPhases = (
				1FAB8016285692D5004365C7 /* Sources */,
				1FAB8017285692D5004365C7 /* Frameworks */,
				1FAB8018285692D5004365C7 /* Resources */,
			);
			buildRules = (
			);
			dependencies = (
				1FAB801C285692D5004365C7 /* PBXTargetDependency */,
			);
			name = MementoMoriTests;
			productName = MementoMoriTests;
			productReference = 1FAB801A285692D5004365C7 /* MementoMoriTests.xctest */;
			productType = "com.apple.product-type.bundle.unit-test";
		};
		1FAB8023285692D5004365C7 /* MementoMoriUITests */ = {
			isa = PBXNativeTarget;
			buildConfigurationList = 1FAB8034285692D5004365C7 /* Build configuration list for PBXNativeTarget "MementoMoriUITests" */;
			buildPhases = (
				1FAB8020285692D5004365C7 /* Sources */,
				1FAB8021285692D5004365C7 /* Frameworks */,
				1FAB8022285692D5004365C7 /* Resources */,
			);
			buildRules = (
			);
			dependencies = (
				1FAB8026285692D5004365C7 /* PBXTargetDependency */,
			);
			name = MementoMoriUITests;
			productName = MementoMoriUITests;
			productReference = 1FAB8024285692D5004365C7 /* MementoMoriUITests.xctest */;
			productType = "com.apple.product-type.bundle.ui-testing";
		};
/* End PBXNativeTarget section */

/* Begin PBXProject section */
		1FAB8002285692D1004365C7 /* Project object */ = {
			isa = PBXProject;
			attributes = {
				BuildIndependentTargetsInParallel = 1;
				LastSwiftUpdateCheck = 1340;
				LastUpgradeCheck = 1340;
				TargetAttributes = {
					1FAB8009285692D1004365C7 = {
						CreatedOnToolsVersion = 13.4.1;
					};
					1FAB8019285692D5004365C7 = {
						CreatedOnToolsVersion = 13.4.1;
						TestTargetID = 1FAB8009285692D1004365C7;
					};
					1FAB8023285692D5004365C7 = {
						CreatedOnToolsVersion = 13.4.1;
						TestTargetID = 1FAB8009285692D1004365C7;
					};
				};
			};
			buildConfigurationList = 1FAB8005285692D1004365C7 /* Build configuration list for PBXProject "MementoMori" */;
			compatibilityVersion = "Xcode 13.0";
			developmentRegion = en;
			hasScannedForEncodings = 0;
			knownRegions = (
				en,
				Base,
			);
			mainGroup = 1FAB8001285692D1004365C7;
			productRefGroup = 1FAB800B285692D1004365C7 /* Products */;
			projectDirPath = "";
			projectRoot = "";
			targets = (
				1FAB8009285692D1004365C7 /* MementoMori */,
				1FAB8019285692D5004365C7 /* MementoMoriTests */,
				1FAB8023285692D5004365C7 /* MementoMoriUITests */,
			);
		};
/* End PBXProject section */

/* Begin PBXResourcesBuildPhase section */
		1FAB8008285692D1004365C7 /* Resources */ = {
			isa = PBXResourcesBuildPhase;
			buildActionMask = 2147483647;
			files = (
				1FAB8015285692D4004365C7 /* Preview Assets.xcassets in Resources */,
				1FAB8012285692D4004365C7 /* Assets.xcassets in Resources */,
			);
			runOnlyForDeploymentPostprocessing = 0;
		};
		1FAB8018285692D5004365C7 /* Resources */ = {
			isa = PBXResourcesBuildPhase;
			buildActionMask = 2147483647;
			files = (
			);
			runOnlyForDeploymentPostprocessing = 0;
		};
		1FAB8022285692D5004365C7 /* Resources */ = {
			isa = PBXResourcesBuildPhase;
			buildActionMask = 2147483647;
			files = (
			);
			runOnlyForDeploymentPostprocessing = 0;
		};
/* End PBXResourcesBuildPhase section */

/* Begin PBXSourcesBuildPhase section */
		1FAB8006285692D1004365C7 /* Sources */ = {
			isa = PBXSourcesBuildPhase;
			buildActionMask = 2147483647;
			files = (
				1FAB8010285692D1004365C7 /* ContentView.swift in Sources */,
				1FAB800E285692D1004365C7 /* MementoMoriApp.swift in Sources */,
			);
			runOnlyForDeploymentPostprocessing = 0;
		};
		1FAB8016285692D5004365C7 /* Sources */ = {
			isa = PBXSourcesBuildPhase;
			buildActionMask = 2147483647;
			files = (
				1FAB801F285692D5004365C7 /* MementoMoriTests.swift in Sources */,
			);
			runOnlyForDeploymentPostprocessing = 0;
		};
		1FAB8020285692D5004365C7 /* Sources */ = {
			isa = PBXSourcesBuildPhase;
			buildActionMask = 2147483647;
			files = (
				1FAB8029285692D5004365C7 /* MementoMoriUITests.swift in Sources */,
				1FAB802B285692D5004365C7 /* MementoMoriUITestsLaunchTests.swift in Sources */,
			);
			runOnlyForDeploymentPostprocessing = 0;
		};
/* End PBXSourcesBuildPhase section */

/* Begin PBXTargetDependency section */
		1FAB801C285692D5004365C7 /* PBXTargetDependency */ = {
			isa = PBXTargetDependency;
			target = 1FAB8009285692D1004365C7 /* MementoMori */;
			targetProxy = 1FAB801B285692D5004365C7 /* PBXContainerItemProxy */;
		};
		1FAB8026285692D5004365C7 /* PBXTargetDependency */ = {
			isa = PBXTargetDependency;
			target = 1FAB8009285692D1004365C7 /* MementoMori */;
			targetProxy = 1FAB8025285692D5004365C7 /* PBXContainerItemProxy */;
		};
/* End PBXTargetDependency section */

/* Begin XCBuildConfiguration section */
		1FAB802C285692D5004365C7 /* Debug */ = {
			isa = XCBuildConfiguration;
			buildSettings = {
				ALWAYS_SEARCH_USER_PATHS = NO;
				CLANG_ANALYZER_NONNULL = YES;
				CLANG_ANALYZER_NUMBER_OBJECT_CONVERSION = YES_AGGRESSIVE;
				CLANG_CXX_LANGUAGE_STANDARD = "gnu++17";
				CLANG_ENABLE_MODULES = YES;
				CLANG_ENABLE_OBJC_ARC = YES;
				CLANG_ENABLE_OBJC_WEAK = YES;
				CLANG_WARN_BLOCK_CAPTURE_AUTORELEASING = YES;
				CLANG_WARN_BOOL_CONVERSION = YES;
				CLANG_WARN_COMMA = YES;
				CLANG_WARN_CONSTANT_CONVERSION = YES;
				CLANG_WARN_DEPRECATED_OBJC_IMPLEMENTATIONS = YES;
				CLANG_WARN_DIRECT_OBJC_ISA_USAGE = YES_ERROR;
				CLANG_WARN_DOCUMENTATION_COMMENTS = YES;
				CLANG_WARN_EMPTY_BODY = YES;
				CLANG_WARN_ENUM_CONVERSION = YES;
				CLANG_WARN_INFINITE_RECURSION = YES;
				CLANG_WARN_INT_CONVERSION = YES;
				CLANG_WARN_NON_LITERAL_NULL_CONVERSION = YES;
				CLANG_WARN_OBJC_IMPLICIT_RETAIN_SELF = YES;
				CLANG_WARN_OBJC_LITERAL_CONVERSION = YES;
				CLANG_WARN_OBJC_ROOT_CLASS = YES_ERROR;
				CLANG_WARN_QUOTED_INCLUDE_IN_FRAMEWORK_HEADER = YES;
				CLANG_WARN_RANGE_LOOP_ANALYSIS = YES;
				CLANG_WARN_STRICT_PROTOTYPES = YES;
				CLANG_WARN_SUSPICIOUS_MOVE = YES;
				CLANG_WARN_UNGUARDED_AVAILABILITY = YES_AGGRESSIVE;
				CLANG_WARN_UNREACHABLE_CODE = YES;
				CLANG_WARN__DUPLICATE_METHOD_MATCH = YES;
				COPY_PHASE_STRIP = NO;
				DEBUG_INFORMATION_FORMAT = dwarf;
				ENABLE_STRICT_OBJC_MSGSEND = YES;
				ENABLE_TESTABILITY = YES;
				GCC_C_LANGUAGE_STANDARD = gnu11;
				GCC_DYNAMIC_NO_PIC = NO;
				GCC_NO_COMMON_BLOCKS = YES;
				GCC_OPTIMIZATION_LEVEL = 0;
				GCC_PREPROCESSOR_DEFINITIONS = (
					"DEBUG=1",
					"$(inherited)",
				);
				GCC_WARN_64_TO_32_BIT_CONVERSION = YES;
				GCC_WARN_ABOUT_RETURN_TYPE = YES_ERROR;
				GCC_WARN_UNDECLARED_SELECTOR = YES;
				GCC_WARN_UNINITIALIZED_AUTOS = YES_AGGRESSIVE;
				GCC_WARN_UNUSED_FUNCTION = YES;
				GCC_WARN_UNUSED_VARIABLE = YES;
				IPHONEOS_DEPLOYMENT_TARGET = 15.5;
				MTL_ENABLE_DEBUG_INFO = INCLUDE_SOURCE;
				MTL_FAST_MATH = YES;
				ONLY_ACTIVE_ARCH = YES;
				SDKROOT = iphoneos;
				SWIFT_ACTIVE_COMPILATION_CONDITIONS = DEBUG;
				SWIFT_OPTIMIZATION_LEVEL = "-Onone";
			};
			name = Debug;
		};
		1FAB802D285692D5004365C7 /* Release */ = {
			isa = XCBuildConfiguration;
			buildSettings = {
				ALWAYS_SEARCH_USER_PATHS = NO;
				CLANG_ANALYZER_NONNULL = YES;
				CLANG_ANALYZER_NUMBER_OBJECT_CONVERSION = YES_AGGRESSIVE;
				CLANG_CXX_LANGUAGE_STANDARD = "gnu++17";
				CLANG_ENABLE_MODULES = YES;
				CLANG_ENABLE_OBJC_ARC = YES;
				CLANG_ENABLE_OBJC_WEAK = YES;
				CLANG_WARN_BLOCK_CAPTURE_AUTORELEASING = YES;
				CLANG_WARN_BOOL_CONVERSION = YES;
				CLANG_WARN_COMMA = YES;
				CLANG_WARN_CONSTANT_CONVERSION = YES;
				CLANG_WARN_DEPRECATED_OBJC_IMPLEMENTATIONS = YES;
				CLANG_WARN_DIRECT_OBJC_ISA_USAGE = YES_ERROR;
				CLANG_WARN_DOCUMENTATION_COMMENTS = YES;
				CLANG_WARN_EMPTY_BODY = YES;
				CLANG_WARN_ENUM_CONVERSION = YES;
				CLANG_WARN_INFINITE_RECURSION = YES;
				CLANG_WARN_INT_CONVERSION = YES;
				CLANG_WARN_NON_LITERAL_NULL_CONVERSION = YES;
				CLANG_WARN_OBJC_IMPLICIT_RETAIN_SELF = YES;
				CLANG_WARN_OBJC_LITERAL_CONVERSION = YES;
				CLANG_WARN_OBJC_ROOT_CLASS = YES_ERROR;
				CLANG_WARN_QUOTED_INCLUDE_IN_FRAMEWORK_HEADER = YES;
				CLANG_WARN_RANGE_LOOP_ANALYSIS = YES;
				CLANG_WARN_STRICT_PROTOTYPES = YES;
				CLANG_WARN_SUSPICIOUS_MOVE = YES;
				CLANG_WARN_UNGUARDED_AVAILABILITY = YES_AGGRESSIVE;
				CLANG_WARN_UNREACHABLE_CODE = YES;
				CLANG_WARN__DUPLICATE_METHOD_MATCH = YES;
				COPY_PHASE_STRIP = NO;
				DEBUG_INFORMATION_FORMAT = "dwarf-with-dsym";
				ENABLE_NS_ASSERTIONS = NO;
				ENABLE_STRICT_OBJC_MSGSEND = YES;
				GCC_C_LANGUAGE_STANDARD = gnu11;
				GCC_NO_COMMON_BLOCKS = YES;
				GCC_WARN_64_TO_32_BIT_CONVERSION = YES;
				GCC_WARN_ABOUT_RETURN_TYPE = YES_ERROR;
				GCC_WARN_UNDECLARED_SELECTOR = YES;
				GCC_WARN_UNINITIALIZED_AUTOS = YES_AGGRESSIVE;
				GCC_WARN_UNUSED_FUNCTION = YES;
				GCC_WARN_UNUSED_VARIABLE = YES;
				IPHONEOS_DEPLOYMENT_TARGET = 15.5;
				MTL_ENABLE_DEBUG_INFO = NO;
				MTL_FAST_MATH = YES;
				SDKROOT = iphoneos;
				SWIFT_COMPILATION_MODE = wholemodule;
				SWIFT_OPTIMIZATION_LEVEL = "-O";
				VALIDATE_PRODUCT = YES;
			};
			name = Release;
		};
		1FAB802F285692D5004365C7 /* Debug */ = {
			isa = XCBuildConfiguration;
			buildSettings = {
				ASSETCATALOG_COMPILER_APPICON_NAME = AppIcon;
				ASSETCATALOG_COMPILER_GLOBAL_ACCENT_COLOR_NAME = AccentColor;
				CODE_SIGN_STYLE = Automatic;
				CURRENT_PROJECT_VERSION = 1;
				DEVELOPMENT_ASSET_PATHS = "\"MementoMori/Preview Content\"";
				ENABLE_PREVIEWS = YES;
				GENERATE_INFOPLIST_FILE = YES;
				INFOPLIST_KEY_UIApplicationSceneManifest_Generation = YES;
				INFOPLIST_KEY_UIApplicationSupportsIndirectInputEvents = YES;
				INFOPLIST_KEY_UILaunchScreen_Generation = YES;
				INFOPLIST_KEY_UISupportedInterfaceOrientations_iPad = "UIInterfaceOrientationPortrait UIInterfaceOrientationPortraitUpsideDown UIInterfaceOrientationLandscapeLeft UIInterfaceOrientationLandscapeRight";
				INFOPLIST_KEY_UISupportedInterfaceOrientations_iPhone = "UIInterfaceOrientationPortrait UIInterfaceOrientationLandscapeLeft UIInterfaceOrientationLandscapeRight";
				LD_RUNPATH_SEARCH_PATHS = (
					"$(inherited)",
					"@executable_path/Frameworks",
				);
				MARKETING_VERSION = 1.0;
				PRODUCT_BUNDLE_IDENTIFIER = com.Zahrir.MementoMori;
				PRODUCT_NAME = "$(TARGET_NAME)";
				SWIFT_EMIT_LOC_STRINGS = YES;
				SWIFT_VERSION = 5.0;
				TARGETED_DEVICE_FAMILY = "1,2";
			};
			name = Debug;
		};
		1FAB8030285692D5004365C7 /* Release */ = {
			isa = XCBuildConfiguration;
			buildSettings = {
				ASSETCATALOG_COMPILER_APPICON_NAME = AppIcon;
				ASSETCATALOG_COMPILER_GLOBAL_ACCENT_COLOR_NAME = AccentColor;
				CODE_SIGN_STYLE = Automatic;
				CURRENT_PROJECT_VERSION = 1;
				DEVELOPMENT_ASSET_PATHS = "\"MementoMori/Preview Content\"";
				ENABLE_PREVIEWS = YES;
				GENERATE_INFOPLIST_FILE = YES;
				INFOPLIST_KEY_UIApplicationSceneManifest_Generation = YES;
				INFOPLIST_KEY_UIApplicationSupportsIndirectInputEvents = YES;
				INFOPLIST_KEY_UILaunchScreen_Generation = YES;
				INFOPLIST_KEY_UISupportedInterfaceOrientations_iPad = "UIInterfaceOrientationPortrait UIInterfaceOrientationPortraitUpsideDown UIInterfaceOrientationLandscapeLeft UIInterfaceOrientationLandscapeRight";
				INFOPLIST_KEY_UISupportedInterfaceOrientations_iPhone = "UIInterfaceOrientationPortrait UIInterfaceOrientationLandscapeLeft UIInterfaceOrientationLandscapeRight";
				LD_RUNPATH_SEARCH_PATHS = (
					"$(inherited)",
					"@executable_path/Frameworks",
				);
				MARKETING_VERSION = 1.0;
				PRODUCT_BUNDLE_IDENTIFIER = com.Zahrir.MementoMori;
				PRODUCT_NAME = "$(TARGET_NAME)";
				SWIFT_EMIT_LOC_STRINGS = YES;
				SWIFT_VERSION = 5.0;
				TARGETED_DEVICE_FAMILY = "1,2";
			};
			name = Release;
		};
		1FAB8032285692D5004365C7 /* Debug */ = {
			isa = XCBuildConfiguration;
			buildSettings = {
				ALWAYS_EMBED_SWIFT_STANDARD_LIBRARIES = YES;
				BUNDLE_LOADER = "$(TEST_HOST)";
				CODE_SIGN_STYLE = Automatic;
				CURRENT_PROJECT_VERSION = 1;
				GENERATE_INFOPLIST_FILE = YES;
				IPHONEOS_DEPLOYMENT_TARGET = 15.5;
				MARKETING_VERSION = 1.0;
				PRODUCT_BUNDLE_IDENTIFIER = com.Zahrir.MementoMoriTests;
				PRODUCT_NAME = "$(TARGET_NAME)";
				SWIFT_EMIT_LOC_STRINGS = NO;
				SWIFT_VERSION = 5.0;
				TARGETED_DEVICE_FAMILY = "1,2";
				TEST_HOST = "$(BUILT_PRODUCTS_DIR)/MementoMori.app/MementoMori";
			};
			name = Debug;
		};
		1FAB8033285692D5004365C7 /* Release */ = {
			isa = XCBuildConfiguration;
			buildSettings = {
				ALWAYS_EMBED_SWIFT_STANDARD_LIBRARIES = YES;
				BUNDLE_LOADER = "$(TEST_HOST)";
				CODE_SIGN_STYLE = Automatic;
				CURRENT_PROJECT_VERSION = 1;
				GENERATE_INFOPLIST_FILE = YES;
				IPHONEOS_DEPLOYMENT_TARGET = 15.5;
				MARKETING_VERSION = 1.0;
				PRODUCT_BUNDLE_IDENTIFIER = com.Zahrir.MementoMoriTests;
				PRODUCT_NAME = "$(TARGET_NAME)";
				SWIFT_EMIT_LOC_STRINGS = NO;
				SWIFT_VERSION = 5.0;
				TARGETED_DEVICE_FAMILY = "1,2";
				TEST_HOST = "$(BUILT_PRODUCTS_DIR)/MementoMori.app/MementoMori";
			};
			name = Release;
		};
		1FAB8035285692D5004365C7 /* Debug */ = {
			isa = XCBuildConfiguration;
			buildSettings = {
				ALWAYS_EMBED_SWIFT_STANDARD_LIBRARIES = YES;
				CODE_SIGN_STYLE = Automatic;
				CURRENT_PROJECT_VERSION = 1;
				GENERATE_INFOPLIST_FILE = YES;
				MARKETING_VERSION = 1.0;
				PRODUCT_BUNDLE_IDENTIFIER = com.Zahrir.MementoMoriUITests;
				PRODUCT_NAME = "$(TARGET_NAME)";
				SWIFT_EMIT_LOC_STRINGS = NO;
				SWIFT_VERSION = 5.0;
				TARGETED_DEVICE_FAMILY = "1,2";
				TEST_TARGET_NAME = MementoMori;
			};
			name = Debug;
		};
		1FAB8036285692D5004365C7 /* Release */ = {
			isa = XCBuildConfiguration;
			buildSettings = {
				ALWAYS_EMBED_SWIFT_STANDARD_LIBRARIES = YES;
				CODE_SIGN_STYLE = Automatic;
				CURRENT_PROJECT_VERSION = 1;
				GENERATE_INFOPLIST_FILE = YES;
				MARKETING_VERSION = 1.0;
				PRODUCT_BUNDLE_IDENTIFIER = com.Zahrir.MementoMoriUITests;
				PRODUCT_NAME = "$(TARGET_NAME)";
				SWIFT_EMIT_LOC_STRINGS = NO;
				SWIFT_VERSION = 5.0;
				TARGETED_DEVICE_FAMILY = "1,2";
				TEST_TARGET_NAME = MementoMori;
			};
			name = Release;
		};
/* End XCBuildConfiguration section */

/* Begin XCConfigurationList section */
		1FAB8005285692D1004365C7 /* Build configuration list for PBXProject "MementoMori" */ = {
			isa = XCConfigurationList;
			buildConfigurations = (
				1FAB802C285692D5004365C7 /* Debug */,
				1FAB802D285692D5004365C7 /* Release */,
			);
			defaultConfigurationIsVisible = 0;
			defaultConfigurationName = Release;
		};
		1FAB802E285692D5004365C7 /* Build configuration list for PBXNativeTarget "MementoMori" */ = {
			isa = XCConfigurationList;
			buildConfigurations = (
				1FAB802F285692D5004365C7 /* Debug */,
				1FAB8030285692D5004365C7 /* Release */,
			);
			defaultConfigurationIsVisible = 0;
			defaultConfigurationName = Release;
		};
		1FAB8031285692D5004365C7 /* Build configuration list for PBXNativeTarget "MementoMoriTests" */ = {
			isa = XCConfigurationList;
			buildConfigurations = (
				1FAB8032285692D5004365C7 /* Debug */,
				1FAB8033285692D5004365C7 /* Release */,
			);
			defaultConfigurationIsVisible = 0;
			defaultConfigurationName = Release;
		};
		1FAB8034285692D5004365C7 /* Build configuration list for PBXNativeTarget "MementoMoriUITests" */ = {
			isa = XCConfigurationList;
			buildConfigurations = (
				1FAB8035285692D5004365C7 /* Debug */,
				1FAB8036285692D5004365C7 /* Release */,
			);
			defaultConfigurationIsVisible = 0;
			defaultConfigurationName = Release;
		};
/* End XCConfigurationList section */
	};
	rootObject = 1FAB8002285692D1004365C7 /* Project object */;
}
